
Microsoft Visual Studio Solution File, Format Version 12.00
# Visual Studio Version 16
VisualStudioVersion = 16.0.29806.167
MinimumVisualStudioVersion = 10.0.40219.1
Project("{8BC9CEB8-8B4A-11D0-8D11-00A0C91BC942}") = "ej1-4", "ej1-4\ej1-4.vcxproj", "{036C6B17-8C3B-434F-A565-EF02334ED5D1}"
	ProjectSection(ProjectDependencies) = postProject
		{65BA23EE-3CA1-49F8-AC7F-29DE3915C89D} = {65BA23EE-3CA1-49F8-AC7F-29DE3915C89D}
	EndProjectSection
EndProject
Project("{8BC9CEB8-8B4A-11D0-8D11-00A0C91BC942}") = "ej1-3", "ej1-3\ej1-3.vcxproj", "{268FC61F-DCCD-4075-BA5E-C340F14481DA}"
	ProjectSection(ProjectDependencies) = postProject
		{65BA23EE-3CA1-49F8-AC7F-29DE3915C89D} = {65BA23EE-3CA1-49F8-AC7F-29DE3915C89D}
	EndProjectSection
EndProject
Project("{8BC9CEB8-8B4A-11D0-8D11-00A0C91BC942}") = "ej3-3", "ej3-3\ej3-3.vcxproj", "{2A2264BB-3E94-4C9F-BB9E-4D82E3744791}"
	ProjectSection(ProjectDependencies) = postProject
		{65BA23EE-3CA1-49F8-AC7F-29DE3915C89D} = {65BA23EE-3CA1-49F8-AC7F-29DE3915C89D}
	EndProjectSection
EndProject
Project("{8BC9CEB8-8B4A-11D0-8D11-00A0C91BC942}") = "p2", "p2\p2.vcxproj", "{2D8D6D01-01C4-4FEE-A732-8C5A35EB13F9}"
	ProjectSection(ProjectDependencies) = postProject
		{65BA23EE-3CA1-49F8-AC7F-29DE3915C89D} = {65BA23EE-3CA1-49F8-AC7F-29DE3915C89D}
	EndProjectSection
EndProject
Project("{8BC9CEB8-8B4A-11D0-8D11-00A0C91BC942}") = "gui", "gui\gui.vcxproj", "{4E499641-DAF3-44B9-8E47-031516FB73E1}"
	ProjectSection(ProjectDependencies) = postProject
		{65BA23EE-3CA1-49F8-AC7F-29DE3915C89D} = {65BA23EE-3CA1-49F8-AC7F-29DE3915C89D}
	EndProjectSection
EndProject
Project("{8BC9CEB8-8B4A-11D0-8D11-00A0C91BC942}") = "ej3-2", "ej3-2\ej3-2.vcxproj", "{507A831C-3F13-4029-B986-7A4DF220C1EC}"
	ProjectSection(ProjectDependencies) = postProject
		{65BA23EE-3CA1-49F8-AC7F-29DE3915C89D} = {65BA23EE-3CA1-49F8-AC7F-29DE3915C89D}
	EndProjectSection
EndProject
Project("{8BC9CEB8-8B4A-11D0-8D11-00A0C91BC942}") = "p1", "p1\p1.vcxproj", "{65209F6A-EB33-40E7-A714-A87978661E8D}"
	ProjectSection(ProjectDependencies) = postProject
		{65BA23EE-3CA1-49F8-AC7F-29DE3915C89D} = {65BA23EE-3CA1-49F8-AC7F-29DE3915C89D}
	EndProjectSection
EndProject
Project("{8BC9CEB8-8B4A-11D0-8D11-00A0C91BC942}") = "PGUPV", "PGUPV\PGUPV.vcxproj", "{65BA23EE-3CA1-49F8-AC7F-29DE3915C89D}"
EndProject
Project("{2150E333-8FDC-42A3-9474-1A3956D46DE8}") = "Ejemplos", "Ejemplos", "{6C867E42-F1B8-4831-B84A-A05B22646D54}"
EndProject
Project("{8BC9CEB8-8B4A-11D0-8D11-00A0C91BC942}") = "ej3-1", "ej3-1\ej3-1.vcxproj", "{8B698BCF-7277-467A-A517-A9C2B00A18F0}"
	ProjectSection(ProjectDependencies) = postProject
		{65BA23EE-3CA1-49F8-AC7F-29DE3915C89D} = {65BA23EE-3CA1-49F8-AC7F-29DE3915C89D}
	EndProjectSection
EndProject
Project("{8BC9CEB8-8B4A-11D0-8D11-00A0C91BC942}") = "ej1-1", "ej1-1\ej1-1.vcxproj", "{8EF116A6-14EB-4BD0-85F8-8195D2A88277}"
	ProjectSection(ProjectDependencies) = postProject
		{65BA23EE-3CA1-49F8-AC7F-29DE3915C89D} = {65BA23EE-3CA1-49F8-AC7F-29DE3915C89D}
	EndProjectSection
EndProject
Project("{8BC9CEB8-8B4A-11D0-8D11-00A0C91BC942}") = "ej2-0", "ej2-0\ej2-0.vcxproj", "{9A183003-4917-4D78-9AF7-E91527AD48BF}"
	ProjectSection(ProjectDependencies) = postProject
		{65BA23EE-3CA1-49F8-AC7F-29DE3915C89D} = {65BA23EE-3CA1-49F8-AC7F-29DE3915C89D}
	EndProjectSection
EndProject
Project("{8BC9CEB8-8B4A-11D0-8D11-00A0C91BC942}") = "ej2-3", "ej2-3\ej2-3.vcxproj", "{B6E0B069-EBC2-4249-9BCD-5D1C7356D392}"
	ProjectSection(ProjectDependencies) = postProject
		{65BA23EE-3CA1-49F8-AC7F-29DE3915C89D} = {65BA23EE-3CA1-49F8-AC7F-29DE3915C89D}
	EndProjectSection
EndProject
Project("{8BC9CEB8-8B4A-11D0-8D11-00A0C91BC942}") = "ej2-2", "ej2-2\ej2-2.vcxproj", "{BA4D3062-8911-4F4F-B13C-CA9A74B6DA01}"
	ProjectSection(ProjectDependencies) = postProject
		{65BA23EE-3CA1-49F8-AC7F-29DE3915C89D} = {65BA23EE-3CA1-49F8-AC7F-29DE3915C89D}
	EndProjectSection
EndProject
Project("{8BC9CEB8-8B4A-11D0-8D11-00A0C91BC942}") = "ej2-1", "ej2-1\ej2-1.vcxproj", "{D1AC371B-88D3-4B2B-8FC3-EE6B3F8CF67C}"
	ProjectSection(ProjectDependencies) = postProject
		{65BA23EE-3CA1-49F8-AC7F-29DE3915C89D} = {65BA23EE-3CA1-49F8-AC7F-29DE3915C89D}
	EndProjectSection
EndProject
Project("{8BC9CEB8-8B4A-11D0-8D11-00A0C91BC942}") = "p0", "p0\p0.vcxproj", "{DDC11E99-5AC0-466F-B9FC-ADB5E99A9061}"
	ProjectSection(ProjectDependencies) = postProject
		{65BA23EE-3CA1-49F8-AC7F-29DE3915C89D} = {65BA23EE-3CA1-49F8-AC7F-29DE3915C89D}
	EndProjectSection
EndProject
Project("{8BC9CEB8-8B4A-11D0-8D11-00A0C91BC942}") = "ej1-2", "ej1-2\ej1-2.vcxproj", "{E53BCC9E-451D-4C84-8B9B-C0A0A6E898AA}"
	ProjectSection(ProjectDependencies) = postProject
		{65BA23EE-3CA1-49F8-AC7F-29DE3915C89D} = {65BA23EE-3CA1-49F8-AC7F-29DE3915C89D}
	EndProjectSection
EndProject
Project("{2150E333-8FDC-42A3-9474-1A3956D46DE8}") = "Ejercicios", "Ejercicios", "{E82E44E1-33C2-409B-BDD0-87CEA259DD8B}"
EndProject
Project("{8BC9CEB8-8B4A-11D0-8D11-00A0C91BC942}") = "ej3-4", "ej3-4\ej3-4.vcxproj", "{F328C00B-4B54-4B5B-B258-AC1ACDF2E22D}"
	ProjectSection(ProjectDependencies) = postProject
		{65BA23EE-3CA1-49F8-AC7F-29DE3915C89D} = {65BA23EE-3CA1-49F8-AC7F-29DE3915C89D}
	EndProjectSection
EndProject
Project("{8BC9CEB8-8B4A-11D0-8D11-00A0C91BC942}") = "p3", "p3\p3.vcxproj", "{108AF932-2EBD-4B03-AF58-F7C5AD0C9557}"
EndProject
Project("{8BC9CEB8-8B4A-11D0-8D11-00A0C91BC942}") = "p4", "p4\p4.vcxproj", "{AA84072F-7D0D-4E25-9EE0-0880467D51D5}"
EndProject
Project("{8BC9CEB8-8B4A-11D0-8D11-00A0C91BC942}") = "ej4-1", "ej4-1\ej4-1.vcxproj", "{E9509D41-B8ED-4CB5-A151-DC2E5185477A}"
EndProject
Project("{8BC9CEB8-8B4A-11D0-8D11-00A0C91BC942}") = "ej4-2", "ej4-2\ej4-2.vcxproj", "{B6949B28-9731-48B3-8B20-CF5DDAF6CE5E}"
EndProject
Project("{8BC9CEB8-8B4A-11D0-8D11-00A0C91BC942}") = "ej4-3", "ej4-3\ej4-3.vcxproj", "{9C1C233F-C13B-45D7-B139-23AF43391AA8}"
EndProject
Project("{8BC9CEB8-8B4A-11D0-8D11-00A0C91BC942}") = "ej4-4", "ej4-4\ej4-4.vcxproj", "{5F6ECDB2-B470-4582-8D38-05E0B3201B69}"
EndProject
Global
	GlobalSection(SolutionConfigurationPlatforms) = preSolution
		Debug|x64 = Debug|x64
		Debug|x86 = Debug|x86
		DebugForTesting|x64 = DebugForTesting|x64
		DebugForTesting|x86 = DebugForTesting|x86
		Release|x64 = Release|x64
		Release|x86 = Release|x86
		ReleaseForTesting|x64 = ReleaseForTesting|x64
		ReleaseForTesting|x86 = ReleaseForTesting|x86
	EndGlobalSection
	GlobalSection(ProjectConfigurationPlatforms) = postSolution
		{036C6B17-8C3B-434F-A565-EF02334ED5D1}.Debug|x64.ActiveCfg = Debug|x64
		{036C6B17-8C3B-434F-A565-EF02334ED5D1}.Debug|x64.Build.0 = Debug|x64
		{036C6B17-8C3B-434F-A565-EF02334ED5D1}.Debug|x86.ActiveCfg = Debug|x64
		{036C6B17-8C3B-434F-A565-EF02334ED5D1}.DebugForTesting|x64.ActiveCfg = DebugForTesting|x64
		{036C6B17-8C3B-434F-A565-EF02334ED5D1}.DebugForTesting|x64.Build.0 = DebugForTesting|x64
		{036C6B17-8C3B-434F-A565-EF02334ED5D1}.DebugForTesting|x86.ActiveCfg = DebugForTesting|x64
		{036C6B17-8C3B-434F-A565-EF02334ED5D1}.Release|x64.ActiveCfg = Release|x64
		{036C6B17-8C3B-434F-A565-EF02334ED5D1}.Release|x64.Build.0 = Release|x64
		{036C6B17-8C3B-434F-A565-EF02334ED5D1}.Release|x86.ActiveCfg = Release|x64
		{036C6B17-8C3B-434F-A565-EF02334ED5D1}.ReleaseForTesting|x64.ActiveCfg = ReleaseForTesting|x64
		{036C6B17-8C3B-434F-A565-EF02334ED5D1}.ReleaseForTesting|x64.Build.0 = ReleaseForTesting|x64
		{036C6B17-8C3B-434F-A565-EF02334ED5D1}.ReleaseForTesting|x86.ActiveCfg = ReleaseForTesting|x64
		{268FC61F-DCCD-4075-BA5E-C340F14481DA}.Debug|x64.ActiveCfg = Debug|x64
		{268FC61F-DCCD-4075-BA5E-C340F14481DA}.Debug|x64.Build.0 = Debug|x64
		{268FC61F-DCCD-4075-BA5E-C340F14481DA}.Debug|x86.ActiveCfg = Debug|x64
		{268FC61F-DCCD-4075-BA5E-C340F14481DA}.DebugForTesting|x64.ActiveCfg = DebugForTesting|x64
		{268FC61F-DCCD-4075-BA5E-C340F14481DA}.DebugForTesting|x64.Build.0 = DebugForTesting|x64
		{268FC61F-DCCD-4075-BA5E-C340F14481DA}.DebugForTesting|x86.ActiveCfg = DebugForTesting|x64
		{268FC61F-DCCD-4075-BA5E-C340F14481DA}.Release|x64.ActiveCfg = Release|x64
		{268FC61F-DCCD-4075-BA5E-C340F14481DA}.Release|x64.Build.0 = Release|x64
		{268FC61F-DCCD-4075-BA5E-C340F14481DA}.Release|x86.ActiveCfg = Release|x64
		{268FC61F-DCCD-4075-BA5E-C340F14481DA}.ReleaseForTesting|x64.ActiveCfg = ReleaseForTesting|x64
		{268FC61F-DCCD-4075-BA5E-C340F14481DA}.ReleaseForTesting|x64.Build.0 = ReleaseForTesting|x64
		{268FC61F-DCCD-4075-BA5E-C340F14481DA}.ReleaseForTesting|x86.ActiveCfg = ReleaseForTesting|x64
		{2A2264BB-3E94-4C9F-BB9E-4D82E3744791}.Debug|x64.ActiveCfg = Debug|x64
		{2A2264BB-3E94-4C9F-BB9E-4D82E3744791}.Debug|x64.Build.0 = Debug|x64
		{2A2264BB-3E94-4C9F-BB9E-4D82E3744791}.Debug|x86.ActiveCfg = Debug|Win32
		{2A2264BB-3E94-4C9F-BB9E-4D82E3744791}.Debug|x86.Build.0 = Debug|Win32
		{2A2264BB-3E94-4C9F-BB9E-4D82E3744791}.DebugForTesting|x64.ActiveCfg = DebugForTesting|x64
		{2A2264BB-3E94-4C9F-BB9E-4D82E3744791}.DebugForTesting|x64.Build.0 = DebugForTesting|x64
		{2A2264BB-3E94-4C9F-BB9E-4D82E3744791}.DebugForTesting|x86.ActiveCfg = DebugForTesting|Win32
		{2A2264BB-3E94-4C9F-BB9E-4D82E3744791}.DebugForTesting|x86.Build.0 = DebugForTesting|Win32
		{2A2264BB-3E94-4C9F-BB9E-4D82E3744791}.Release|x64.ActiveCfg = Release|x64
		{2A2264BB-3E94-4C9F-BB9E-4D82E3744791}.Release|x64.Build.0 = Release|x64
		{2A2264BB-3E94-4C9F-BB9E-4D82E3744791}.Release|x86.ActiveCfg = Release|Win32
		{2A2264BB-3E94-4C9F-BB9E-4D82E3744791}.Release|x86.Build.0 = Release|Win32
		{2A2264BB-3E94-4C9F-BB9E-4D82E3744791}.ReleaseForTesting|x64.ActiveCfg = ReleaseForTesting|x64
		{2A2264BB-3E94-4C9F-BB9E-4D82E3744791}.ReleaseForTesting|x64.Build.0 = ReleaseForTesting|x64
		{2A2264BB-3E94-4C9F-BB9E-4D82E3744791}.ReleaseForTesting|x86.ActiveCfg = ReleaseForTesting|Win32
		{2A2264BB-3E94-4C9F-BB9E-4D82E3744791}.ReleaseForTesting|x86.Build.0 = ReleaseForTesting|Win32
		{2D8D6D01-01C4-4FEE-A732-8C5A35EB13F9}.Debug|x64.ActiveCfg = Debug|x64
		{2D8D6D01-01C4-4FEE-A732-8C5A35EB13F9}.Debug|x64.Build.0 = Debug|x64
		{2D8D6D01-01C4-4FEE-A732-8C5A35EB13F9}.Debug|x86.ActiveCfg = Debug|Win32
		{2D8D6D01-01C4-4FEE-A732-8C5A35EB13F9}.Debug|x86.Build.0 = Debug|Win32
		{2D8D6D01-01C4-4FEE-A732-8C5A35EB13F9}.DebugForTesting|x64.ActiveCfg = DebugForTesting|x64
		{2D8D6D01-01C4-4FEE-A732-8C5A35EB13F9}.DebugForTesting|x64.Build.0 = DebugForTesting|x64
		{2D8D6D01-01C4-4FEE-A732-8C5A35EB13F9}.DebugForTesting|x86.ActiveCfg = DebugForTesting|Win32
		{2D8D6D01-01C4-4FEE-A732-8C5A35EB13F9}.DebugForTesting|x86.Build.0 = DebugForTesting|Win32
		{2D8D6D01-01C4-4FEE-A732-8C5A35EB13F9}.Release|x64.ActiveCfg = Release|x64
		{2D8D6D01-01C4-4FEE-A732-8C5A35EB13F9}.Release|x64.Build.0 = Release|x64
		{2D8D6D01-01C4-4FEE-A732-8C5A35EB13F9}.Release|x86.ActiveCfg = Release|Win32
		{2D8D6D01-01C4-4FEE-A732-8C5A35EB13F9}.Release|x86.Build.0 = Release|Win32
		{2D8D6D01-01C4-4FEE-A732-8C5A35EB13F9}.ReleaseForTesting|x64.ActiveCfg = ReleaseForTesting|x64
		{2D8D6D01-01C4-4FEE-A732-8C5A35EB13F9}.ReleaseForTesting|x64.Build.0 = ReleaseForTesting|x64
		{2D8D6D01-01C4-4FEE-A732-8C5A35EB13F9}.ReleaseForTesting|x86.ActiveCfg = ReleaseForTesting|Win32
		{2D8D6D01-01C4-4FEE-A732-8C5A35EB13F9}.ReleaseForTesting|x86.Build.0 = ReleaseForTesting|Win32
		{4E499641-DAF3-44B9-8E47-031516FB73E1}.Debug|x64.ActiveCfg = Debug|x64
		{4E499641-DAF3-44B9-8E47-031516FB73E1}.Debug|x64.Build.0 = Debug|x64
		{4E499641-DAF3-44B9-8E47-031516FB73E1}.Debug|x86.ActiveCfg = Debug|Win32
		{4E499641-DAF3-44B9-8E47-031516FB73E1}.Debug|x86.Build.0 = Debug|Win32
		{4E499641-DAF3-44B9-8E47-031516FB73E1}.DebugForTesting|x64.ActiveCfg = DebugForTesting|x64
		{4E499641-DAF3-44B9-8E47-031516FB73E1}.DebugForTesting|x64.Build.0 = DebugForTesting|x64
		{4E499641-DAF3-44B9-8E47-031516FB73E1}.DebugForTesting|x86.ActiveCfg = DebugForTesting|Win32
		{4E499641-DAF3-44B9-8E47-031516FB73E1}.DebugForTesting|x86.Build.0 = DebugForTesting|Win32
		{4E499641-DAF3-44B9-8E47-031516FB73E1}.Release|x64.ActiveCfg = Release|x64
		{4E499641-DAF3-44B9-8E47-031516FB73E1}.Release|x64.Build.0 = Release|x64
		{4E499641-DAF3-44B9-8E47-031516FB73E1}.Release|x86.ActiveCfg = Release|Win32
		{4E499641-DAF3-44B9-8E47-031516FB73E1}.Release|x86.Build.0 = Release|Win32
		{4E499641-DAF3-44B9-8E47-031516FB73E1}.ReleaseForTesting|x64.ActiveCfg = ReleaseForTesting|x64
		{4E499641-DAF3-44B9-8E47-031516FB73E1}.ReleaseForTesting|x64.Build.0 = ReleaseForTesting|x64
		{4E499641-DAF3-44B9-8E47-031516FB73E1}.ReleaseForTesting|x86.ActiveCfg = ReleaseForTesting|Win32
		{4E499641-DAF3-44B9-8E47-031516FB73E1}.ReleaseForTesting|x86.Build.0 = ReleaseForTesting|Win32
		{507A831C-3F13-4029-B986-7A4DF220C1EC}.Debug|x64.ActiveCfg = Debug|x64
		{507A831C-3F13-4029-B986-7A4DF220C1EC}.Debug|x64.Build.0 = Debug|x64
		{507A831C-3F13-4029-B986-7A4DF220C1EC}.Debug|x86.ActiveCfg = Debug|Win32
		{507A831C-3F13-4029-B986-7A4DF220C1EC}.Debug|x86.Build.0 = Debug|Win32
		{507A831C-3F13-4029-B986-7A4DF220C1EC}.DebugForTesting|x64.ActiveCfg = DebugForTesting|x64
		{507A831C-3F13-4029-B986-7A4DF220C1EC}.DebugForTesting|x64.Build.0 = DebugForTesting|x64
		{507A831C-3F13-4029-B986-7A4DF220C1EC}.DebugForTesting|x86.ActiveCfg = DebugForTesting|Win32
		{507A831C-3F13-4029-B986-7A4DF220C1EC}.DebugForTesting|x86.Build.0 = DebugForTesting|Win32
		{507A831C-3F13-4029-B986-7A4DF220C1EC}.Release|x64.ActiveCfg = Release|x64
		{507A831C-3F13-4029-B986-7A4DF220C1EC}.Release|x64.Build.0 = Release|x64
		{507A831C-3F13-4029-B986-7A4DF220C1EC}.Release|x86.ActiveCfg = Release|Win32
		{507A831C-3F13-4029-B986-7A4DF220C1EC}.Release|x86.Build.0 = Release|Win32
		{507A831C-3F13-4029-B986-7A4DF220C1EC}.ReleaseForTesting|x64.ActiveCfg = ReleaseForTesting|x64
		{507A831C-3F13-4029-B986-7A4DF220C1EC}.ReleaseForTesting|x64.Build.0 = ReleaseForTesting|x64
		{507A831C-3F13-4029-B986-7A4DF220C1EC}.ReleaseForTesting|x86.ActiveCfg = ReleaseForTesting|Win32
		{507A831C-3F13-4029-B986-7A4DF220C1EC}.ReleaseForTesting|x86.Build.0 = ReleaseForTesting|Win32
		{65209F6A-EB33-40E7-A714-A87978661E8D}.Debug|x64.ActiveCfg = Debug|x64
		{65209F6A-EB33-40E7-A714-A87978661E8D}.Debug|x64.Build.0 = Debug|x64
		{65209F6A-EB33-40E7-A714-A87978661E8D}.Debug|x86.ActiveCfg = Debug|x64
		{65209F6A-EB33-40E7-A714-A87978661E8D}.DebugForTesting|x64.ActiveCfg = DebugForTesting|x64
		{65209F6A-EB33-40E7-A714-A87978661E8D}.DebugForTesting|x64.Build.0 = DebugForTesting|x64
		{65209F6A-EB33-40E7-A714-A87978661E8D}.DebugForTesting|x86.ActiveCfg = DebugForTesting|x64
		{65209F6A-EB33-40E7-A714-A87978661E8D}.Release|x64.ActiveCfg = Release|x64
		{65209F6A-EB33-40E7-A714-A87978661E8D}.Release|x64.Build.0 = Release|x64
		{65209F6A-EB33-40E7-A714-A87978661E8D}.Release|x86.ActiveCfg = Release|x64
		{65209F6A-EB33-40E7-A714-A87978661E8D}.ReleaseForTesting|x64.ActiveCfg = ReleaseForTesting|x64
		{65209F6A-EB33-40E7-A714-A87978661E8D}.ReleaseForTesting|x64.Build.0 = ReleaseForTesting|x64
		{65209F6A-EB33-40E7-A714-A87978661E8D}.ReleaseForTesting|x86.ActiveCfg = ReleaseForTesting|x64
		{65BA23EE-3CA1-49F8-AC7F-29DE3915C89D}.Debug|x64.ActiveCfg = Debug|x64
		{65BA23EE-3CA1-49F8-AC7F-29DE3915C89D}.Debug|x64.Build.0 = Debug|x64
		{65BA23EE-3CA1-49F8-AC7F-29DE3915C89D}.Debug|x86.ActiveCfg = Debug|x64
		{65BA23EE-3CA1-49F8-AC7F-29DE3915C89D}.DebugForTesting|x64.ActiveCfg = DebugForTesting|x64
		{65BA23EE-3CA1-49F8-AC7F-29DE3915C89D}.DebugForTesting|x64.Build.0 = DebugForTesting|x64
		{65BA23EE-3CA1-49F8-AC7F-29DE3915C89D}.DebugForTesting|x86.ActiveCfg = DebugForTesting|x64
		{65BA23EE-3CA1-49F8-AC7F-29DE3915C89D}.Release|x64.ActiveCfg = Release|x64
		{65BA23EE-3CA1-49F8-AC7F-29DE3915C89D}.Release|x64.Build.0 = Release|x64
		{65BA23EE-3CA1-49F8-AC7F-29DE3915C89D}.Release|x86.ActiveCfg = Release|x64
		{65BA23EE-3CA1-49F8-AC7F-29DE3915C89D}.ReleaseForTesting|x64.ActiveCfg = ReleaseForTesting|x64
		{65BA23EE-3CA1-49F8-AC7F-29DE3915C89D}.ReleaseForTesting|x64.Build.0 = ReleaseForTesting|x64
		{65BA23EE-3CA1-49F8-AC7F-29DE3915C89D}.ReleaseForTesting|x86.ActiveCfg = ReleaseForTesting|x64
		{8B698BCF-7277-467A-A517-A9C2B00A18F0}.Debug|x64.ActiveCfg = Debug|x64
		{8B698BCF-7277-467A-A517-A9C2B00A18F0}.Debug|x64.Build.0 = Debug|x64
		{8B698BCF-7277-467A-A517-A9C2B00A18F0}.Debug|x86.ActiveCfg = Debug|Win32
		{8B698BCF-7277-467A-A517-A9C2B00A18F0}.Debug|x86.Build.0 = Debug|Win32
		{8B698BCF-7277-467A-A517-A9C2B00A18F0}.DebugForTesting|x64.ActiveCfg = DebugForTesting|x64
		{8B698BCF-7277-467A-A517-A9C2B00A18F0}.DebugForTesting|x64.Build.0 = DebugForTesting|x64
		{8B698BCF-7277-467A-A517-A9C2B00A18F0}.DebugForTesting|x86.ActiveCfg = DebugForTesting|Win32
		{8B698BCF-7277-467A-A517-A9C2B00A18F0}.DebugForTesting|x86.Build.0 = DebugForTesting|Win32
		{8B698BCF-7277-467A-A517-A9C2B00A18F0}.Release|x64.ActiveCfg = Release|x64
		{8B698BCF-7277-467A-A517-A9C2B00A18F0}.Release|x64.Build.0 = Release|x64
		{8B698BCF-7277-467A-A517-A9C2B00A18F0}.Release|x86.ActiveCfg = Release|Win32
		{8B698BCF-7277-467A-A517-A9C2B00A18F0}.Release|x86.Build.0 = Release|Win32
		{8B698BCF-7277-467A-A517-A9C2B00A18F0}.ReleaseForTesting|x64.ActiveCfg = ReleaseForTesting|x64
		{8B698BCF-7277-467A-A517-A9C2B00A18F0}.ReleaseForTesting|x64.Build.0 = ReleaseForTesting|x64
		{8B698BCF-7277-467A-A517-A9C2B00A18F0}.ReleaseForTesting|x86.ActiveCfg = ReleaseForTesting|Win32
		{8B698BCF-7277-467A-A517-A9C2B00A18F0}.ReleaseForTesting|x86.Build.0 = ReleaseForTesting|Win32
		{8EF116A6-14EB-4BD0-85F8-8195D2A88277}.Debug|x64.ActiveCfg = Debug|x64
		{8EF116A6-14EB-4BD0-85F8-8195D2A88277}.Debug|x64.Build.0 = Debug|x64
		{8EF116A6-14EB-4BD0-85F8-8195D2A88277}.Debug|x86.ActiveCfg = Debug|x64
		{8EF116A6-14EB-4BD0-85F8-8195D2A88277}.DebugForTesting|x64.ActiveCfg = DebugForTesting|x64
		{8EF116A6-14EB-4BD0-85F8-8195D2A88277}.DebugForTesting|x64.Build.0 = DebugForTesting|x64
		{8EF116A6-14EB-4BD0-85F8-8195D2A88277}.DebugForTesting|x86.ActiveCfg = DebugForTesting|x64
		{8EF116A6-14EB-4BD0-85F8-8195D2A88277}.Release|x64.ActiveCfg = Release|x64
		{8EF116A6-14EB-4BD0-85F8-8195D2A88277}.Release|x64.Build.0 = Release|x64
		{8EF116A6-14EB-4BD0-85F8-8195D2A88277}.Release|x86.ActiveCfg = Release|x64
		{8EF116A6-14EB-4BD0-85F8-8195D2A88277}.ReleaseForTesting|x64.ActiveCfg = ReleaseForTesting|x64
		{8EF116A6-14EB-4BD0-85F8-8195D2A88277}.ReleaseForTesting|x64.Build.0 = ReleaseForTesting|x64
		{8EF116A6-14EB-4BD0-85F8-8195D2A88277}.ReleaseForTesting|x86.ActiveCfg = ReleaseForTesting|x64
		{9A183003-4917-4D78-9AF7-E91527AD48BF}.Debug|x64.ActiveCfg = Debug|x64
		{9A183003-4917-4D78-9AF7-E91527AD48BF}.Debug|x64.Build.0 = Debug|x64
		{9A183003-4917-4D78-9AF7-E91527AD48BF}.Debug|x86.ActiveCfg = Debug|x64
		{9A183003-4917-4D78-9AF7-E91527AD48BF}.DebugForTesting|x64.ActiveCfg = DebugForTesting|x64
		{9A183003-4917-4D78-9AF7-E91527AD48BF}.DebugForTesting|x64.Build.0 = DebugForTesting|x64
		{9A183003-4917-4D78-9AF7-E91527AD48BF}.DebugForTesting|x86.ActiveCfg = DebugForTesting|x64
		{9A183003-4917-4D78-9AF7-E91527AD48BF}.Release|x64.ActiveCfg = Release|x64
		{9A183003-4917-4D78-9AF7-E91527AD48BF}.Release|x64.Build.0 = Release|x64
		{9A183003-4917-4D78-9AF7-E91527AD48BF}.Release|x86.ActiveCfg = Release|x64
		{9A183003-4917-4D78-9AF7-E91527AD48BF}.ReleaseForTesting|x64.ActiveCfg = ReleaseForTesting|x64
		{9A183003-4917-4D78-9AF7-E91527AD48BF}.ReleaseForTesting|x64.Build.0 = ReleaseForTesting|x64
		{9A183003-4917-4D78-9AF7-E91527AD48BF}.ReleaseForTesting|x86.ActiveCfg = ReleaseForTesting|x64
		{B6E0B069-EBC2-4249-9BCD-5D1C7356D392}.Debug|x64.ActiveCfg = Debug|x64
		{B6E0B069-EBC2-4249-9BCD-5D1C7356D392}.Debug|x64.Build.0 = Debug|x64
		{B6E0B069-EBC2-4249-9BCD-5D1C7356D392}.Debug|x86.ActiveCfg = Debug|Win32
		{B6E0B069-EBC2-4249-9BCD-5D1C7356D392}.Debug|x86.Build.0 = Debug|Win32
		{B6E0B069-EBC2-4249-9BCD-5D1C7356D392}.DebugForTesting|x64.ActiveCfg = DebugForTesting|x64
		{B6E0B069-EBC2-4249-9BCD-5D1C7356D392}.DebugForTesting|x64.Build.0 = DebugForTesting|x64
		{B6E0B069-EBC2-4249-9BCD-5D1C7356D392}.DebugForTesting|x86.ActiveCfg = DebugForTesting|Win32
		{B6E0B069-EBC2-4249-9BCD-5D1C7356D392}.DebugForTesting|x86.Build.0 = DebugForTesting|Win32
		{B6E0B069-EBC2-4249-9BCD-5D1C7356D392}.Release|x64.ActiveCfg = Release|x64
		{B6E0B069-EBC2-4249-9BCD-5D1C7356D392}.Release|x64.Build.0 = Release|x64
		{B6E0B069-EBC2-4249-9BCD-5D1C7356D392}.Release|x86.ActiveCfg = Release|Win32
		{B6E0B069-EBC2-4249-9BCD-5D1C7356D392}.Release|x86.Build.0 = Release|Win32
		{B6E0B069-EBC2-4249-9BCD-5D1C7356D392}.ReleaseForTesting|x64.ActiveCfg = ReleaseForTesting|x64
		{B6E0B069-EBC2-4249-9BCD-5D1C7356D392}.ReleaseForTesting|x64.Build.0 = ReleaseForTesting|x64
		{B6E0B069-EBC2-4249-9BCD-5D1C7356D392}.ReleaseForTesting|x86.ActiveCfg = ReleaseForTesting|Win32
		{B6E0B069-EBC2-4249-9BCD-5D1C7356D392}.ReleaseForTesting|x86.Build.0 = ReleaseForTesting|Win32
		{BA4D3062-8911-4F4F-B13C-CA9A74B6DA01}.Debug|x64.ActiveCfg = Debug|x64
		{BA4D3062-8911-4F4F-B13C-CA9A74B6DA01}.Debug|x64.Build.0 = Debug|x64
		{BA4D3062-8911-4F4F-B13C-CA9A74B6DA01}.Debug|x86.ActiveCfg = Debug|Win32
		{BA4D3062-8911-4F4F-B13C-CA9A74B6DA01}.Debug|x86.Build.0 = Debug|Win32
		{BA4D3062-8911-4F4F-B13C-CA9A74B6DA01}.DebugForTesting|x64.ActiveCfg = DebugForTesting|x64
		{BA4D3062-8911-4F4F-B13C-CA9A74B6DA01}.DebugForTesting|x64.Build.0 = DebugForTesting|x64
		{BA4D3062-8911-4F4F-B13C-CA9A74B6DA01}.DebugForTesting|x86.ActiveCfg = DebugForTesting|Win32
		{BA4D3062-8911-4F4F-B13C-CA9A74B6DA01}.DebugForTesting|x86.Build.0 = DebugForTesting|Win32
		{BA4D3062-8911-4F4F-B13C-CA9A74B6DA01}.Release|x64.ActiveCfg = Release|x64
		{BA4D3062-8911-4F4F-B13C-CA9A74B6DA01}.Release|x64.Build.0 = Release|x64
		{BA4D3062-8911-4F4F-B13C-CA9A74B6DA01}.Release|x86.ActiveCfg = Release|Win32
		{BA4D3062-8911-4F4F-B13C-CA9A74B6DA01}.Release|x86.Build.0 = Release|Win32
		{BA4D3062-8911-4F4F-B13C-CA9A74B6DA01}.ReleaseForTesting|x64.ActiveCfg = ReleaseForTesting|x64
		{BA4D3062-8911-4F4F-B13C-CA9A74B6DA01}.ReleaseForTesting|x64.Build.0 = ReleaseForTesting|x64
		{BA4D3062-8911-4F4F-B13C-CA9A74B6DA01}.ReleaseForTesting|x86.ActiveCfg = ReleaseForTesting|Win32
		{BA4D3062-8911-4F4F-B13C-CA9A74B6DA01}.ReleaseForTesting|x86.Build.0 = ReleaseForTesting|Win32
		{D1AC371B-88D3-4B2B-8FC3-EE6B3F8CF67C}.Debug|x64.ActiveCfg = Debug|x64
		{D1AC371B-88D3-4B2B-8FC3-EE6B3F8CF67C}.Debug|x64.Build.0 = Debug|x64
		{D1AC371B-88D3-4B2B-8FC3-EE6B3F8CF67C}.Debug|x86.ActiveCfg = Debug|Win32
		{D1AC371B-88D3-4B2B-8FC3-EE6B3F8CF67C}.Debug|x86.Build.0 = Debug|Win32
		{D1AC371B-88D3-4B2B-8FC3-EE6B3F8CF67C}.DebugForTesting|x64.ActiveCfg = DebugForTesting|x64
		{D1AC371B-88D3-4B2B-8FC3-EE6B3F8CF67C}.DebugForTesting|x64.Build.0 = DebugForTesting|x64
		{D1AC371B-88D3-4B2B-8FC3-EE6B3F8CF67C}.DebugForTesting|x86.ActiveCfg = DebugForTesting|Win32
		{D1AC371B-88D3-4B2B-8FC3-EE6B3F8CF67C}.DebugForTesting|x86.Build.0 = DebugForTesting|Win32
		{D1AC371B-88D3-4B2B-8FC3-EE6B3F8CF67C}.Release|x64.ActiveCfg = Release|x64
		{D1AC371B-88D3-4B2B-8FC3-EE6B3F8CF67C}.Release|x64.Build.0 = Release|x64
		{D1AC371B-88D3-4B2B-8FC3-EE6B3F8CF67C}.Release|x86.ActiveCfg = Release|Win32
		{D1AC371B-88D3-4B2B-8FC3-EE6B3F8CF67C}.Release|x86.Build.0 = Release|Win32
		{D1AC371B-88D3-4B2B-8FC3-EE6B3F8CF67C}.ReleaseForTesting|x64.ActiveCfg = ReleaseForTesting|x64
		{D1AC371B-88D3-4B2B-8FC3-EE6B3F8CF67C}.ReleaseForTesting|x64.Build.0 = ReleaseForTesting|x64
		{D1AC371B-88D3-4B2B-8FC3-EE6B3F8CF67C}.ReleaseForTesting|x86.ActiveCfg = ReleaseForTesting|Win32
		{D1AC371B-88D3-4B2B-8FC3-EE6B3F8CF67C}.ReleaseForTesting|x86.Build.0 = ReleaseForTesting|Win32
		{DDC11E99-5AC0-466F-B9FC-ADB5E99A9061}.Debug|x64.ActiveCfg = Debug|x64
		{DDC11E99-5AC0-466F-B9FC-ADB5E99A9061}.Debug|x64.Build.0 = Debug|x64
		{DDC11E99-5AC0-466F-B9FC-ADB5E99A9061}.Debug|x86.ActiveCfg = Debug|x64
		{DDC11E99-5AC0-466F-B9FC-ADB5E99A9061}.DebugForTesting|x64.ActiveCfg = DebugForTesting|x64
		{DDC11E99-5AC0-466F-B9FC-ADB5E99A9061}.DebugForTesting|x64.Build.0 = DebugForTesting|x64
		{DDC11E99-5AC0-466F-B9FC-ADB5E99A9061}.DebugForTesting|x86.ActiveCfg = DebugForTesting|x64
		{DDC11E99-5AC0-466F-B9FC-ADB5E99A9061}.Release|x64.ActiveCfg = Release|x64
		{DDC11E99-5AC0-466F-B9FC-ADB5E99A9061}.Release|x64.Build.0 = Release|x64
		{DDC11E99-5AC0-466F-B9FC-ADB5E99A9061}.Release|x86.ActiveCfg = Release|x64
		{DDC11E99-5AC0-466F-B9FC-ADB5E99A9061}.ReleaseForTesting|x64.ActiveCfg = ReleaseForTesting|x64
		{DDC11E99-5AC0-466F-B9FC-ADB5E99A9061}.ReleaseForTesting|x64.Build.0 = ReleaseForTesting|x64
		{DDC11E99-5AC0-466F-B9FC-ADB5E99A9061}.ReleaseForTesting|x86.ActiveCfg = ReleaseForTesting|x64
		{E53BCC9E-451D-4C84-8B9B-C0A0A6E898AA}.Debug|x64.ActiveCfg = Debug|x64
		{E53BCC9E-451D-4C84-8B9B-C0A0A6E898AA}.Debug|x64.Build.0 = Debug|x64
		{E53BCC9E-451D-4C84-8B9B-C0A0A6E898AA}.Debug|x86.ActiveCfg = Debug|x64
		{E53BCC9E-451D-4C84-8B9B-C0A0A6E898AA}.DebugForTesting|x64.ActiveCfg = DebugForTesting|x64
		{E53BCC9E-451D-4C84-8B9B-C0A0A6E898AA}.DebugForTesting|x64.Build.0 = DebugForTesting|x64
		{E53BCC9E-451D-4C84-8B9B-C0A0A6E898AA}.DebugForTesting|x86.ActiveCfg = DebugForTesting|x64
		{E53BCC9E-451D-4C84-8B9B-C0A0A6E898AA}.Release|x64.ActiveCfg = Release|x64
		{E53BCC9E-451D-4C84-8B9B-C0A0A6E898AA}.Release|x64.Build.0 = Release|x64
		{E53BCC9E-451D-4C84-8B9B-C0A0A6E898AA}.Release|x86.ActiveCfg = Release|x64
		{E53BCC9E-451D-4C84-8B9B-C0A0A6E898AA}.ReleaseForTesting|x64.ActiveCfg = ReleaseForTesting|x64
		{E53BCC9E-451D-4C84-8B9B-C0A0A6E898AA}.ReleaseForTesting|x64.Build.0 = ReleaseForTesting|x64
		{E53BCC9E-451D-4C84-8B9B-C0A0A6E898AA}.ReleaseForTesting|x86.ActiveCfg = ReleaseForTesting|x64
		{F328C00B-4B54-4B5B-B258-AC1ACDF2E22D}.Debug|x64.ActiveCfg = Debug|x64
		{F328C00B-4B54-4B5B-B258-AC1ACDF2E22D}.Debug|x64.Build.0 = Debug|x64
		{F328C00B-4B54-4B5B-B258-AC1ACDF2E22D}.Debug|x86.ActiveCfg = Debug|Win32
		{F328C00B-4B54-4B5B-B258-AC1ACDF2E22D}.Debug|x86.Build.0 = Debug|Win32
		{F328C00B-4B54-4B5B-B258-AC1ACDF2E22D}.DebugForTesting|x64.ActiveCfg = DebugForTesting|x64
		{F328C00B-4B54-4B5B-B258-AC1ACDF2E22D}.DebugForTesting|x64.Build.0 = DebugForTesting|x64
		{F328C00B-4B54-4B5B-B258-AC1ACDF2E22D}.DebugForTesting|x86.ActiveCfg = DebugForTesting|Win32
		{F328C00B-4B54-4B5B-B258-AC1ACDF2E22D}.DebugForTesting|x86.Build.0 = DebugForTesting|Win32
		{F328C00B-4B54-4B5B-B258-AC1ACDF2E22D}.Release|x64.ActiveCfg = Release|x64
		{F328C00B-4B54-4B5B-B258-AC1ACDF2E22D}.Release|x64.Build.0 = Release|x64
		{F328C00B-4B54-4B5B-B258-AC1ACDF2E22D}.Release|x86.ActiveCfg = Release|Win32
		{F328C00B-4B54-4B5B-B258-AC1ACDF2E22D}.Release|x86.Build.0 = Release|Win32
		{F328C00B-4B54-4B5B-B258-AC1ACDF2E22D}.ReleaseForTesting|x64.ActiveCfg = ReleaseForTesting|x64
		{F328C00B-4B54-4B5B-B258-AC1ACDF2E22D}.ReleaseForTesting|x64.Build.0 = ReleaseForTesting|x64
		{F328C00B-4B54-4B5B-B258-AC1ACDF2E22D}.ReleaseForTesting|x86.ActiveCfg = ReleaseForTesting|Win32
		{F328C00B-4B54-4B5B-B258-AC1ACDF2E22D}.ReleaseForTesting|x86.Build.0 = ReleaseForTesting|Win32
		{108AF932-2EBD-4B03-AF58-F7C5AD0C9557}.Debug|x64.ActiveCfg = Debug|x64
		{108AF932-2EBD-4B03-AF58-F7C5AD0C9557}.Debug|x64.Build.0 = Debug|x64
		{108AF932-2EBD-4B03-AF58-F7C5AD0C9557}.Debug|x86.ActiveCfg = Debug|Win32
		{108AF932-2EBD-4B03-AF58-F7C5AD0C9557}.Debug|x86.Build.0 = Debug|Win32
		{108AF932-2EBD-4B03-AF58-F7C5AD0C9557}.DebugForTesting|x64.ActiveCfg = DebugForTesting|x64
		{108AF932-2EBD-4B03-AF58-F7C5AD0C9557}.DebugForTesting|x64.Build.0 = DebugForTesting|x64
		{108AF932-2EBD-4B03-AF58-F7C5AD0C9557}.DebugForTesting|x86.ActiveCfg = DebugForTesting|Win32
		{108AF932-2EBD-4B03-AF58-F7C5AD0C9557}.DebugForTesting|x86.Build.0 = DebugForTesting|Win32
		{108AF932-2EBD-4B03-AF58-F7C5AD0C9557}.Release|x64.ActiveCfg = Release|x64
		{108AF932-2EBD-4B03-AF58-F7C5AD0C9557}.Release|x64.Build.0 = Release|x64
		{108AF932-2EBD-4B03-AF58-F7C5AD0C9557}.Release|x86.ActiveCfg = Release|Win32
		{108AF932-2EBD-4B03-AF58-F7C5AD0C9557}.Release|x86.Build.0 = Release|Win32
		{108AF932-2EBD-4B03-AF58-F7C5AD0C9557}.ReleaseForTesting|x64.ActiveCfg = ReleaseForTesting|x64
		{108AF932-2EBD-4B03-AF58-F7C5AD0C9557}.ReleaseForTesting|x64.Build.0 = ReleaseForTesting|x64
		{108AF932-2EBD-4B03-AF58-F7C5AD0C9557}.ReleaseForTesting|x86.ActiveCfg = ReleaseForTesting|Win32
		{108AF932-2EBD-4B03-AF58-F7C5AD0C9557}.ReleaseForTesting|x86.Build.0 = ReleaseForTesting|Win32
		{AA84072F-7D0D-4E25-9EE0-0880467D51D5}.Debug|x64.ActiveCfg = Debug|x64
		{AA84072F-7D0D-4E25-9EE0-0880467D51D5}.Debug|x64.Build.0 = Debug|x64
		{AA84072F-7D0D-4E25-9EE0-0880467D51D5}.Debug|x86.ActiveCfg = Debug|Win32
		{AA84072F-7D0D-4E25-9EE0-0880467D51D5}.Debug|x86.Build.0 = Debug|Win32
		{AA84072F-7D0D-4E25-9EE0-0880467D51D5}.DebugForTesting|x64.ActiveCfg = DebugForTesting|x64
		{AA84072F-7D0D-4E25-9EE0-0880467D51D5}.DebugForTesting|x64.Build.0 = DebugForTesting|x64
		{AA84072F-7D0D-4E25-9EE0-0880467D51D5}.DebugForTesting|x86.ActiveCfg = DebugForTesting|Win32
		{AA84072F-7D0D-4E25-9EE0-0880467D51D5}.DebugForTesting|x86.Build.0 = DebugForTesting|Win32
		{AA84072F-7D0D-4E25-9EE0-0880467D51D5}.Release|x64.ActiveCfg = Release|x64
		{AA84072F-7D0D-4E25-9EE0-0880467D51D5}.Release|x64.Build.0 = Release|x64
		{AA84072F-7D0D-4E25-9EE0-0880467D51D5}.Release|x86.ActiveCfg = Release|Win32
		{AA84072F-7D0D-4E25-9EE0-0880467D51D5}.Release|x86.Build.0 = Release|Win32
		{AA84072F-7D0D-4E25-9EE0-0880467D51D5}.ReleaseForTesting|x64.ActiveCfg = ReleaseForTesting|x64
		{AA84072F-7D0D-4E25-9EE0-0880467D51D5}.ReleaseForTesting|x64.Build.0 = ReleaseForTesting|x64
		{AA84072F-7D0D-4E25-9EE0-0880467D51D5}.ReleaseForTesting|x86.ActiveCfg = ReleaseForTesting|Win32
		{AA84072F-7D0D-4E25-9EE0-0880467D51D5}.ReleaseForTesting|x86.Build.0 = ReleaseForTesting|Win32
		{E9509D41-B8ED-4CB5-A151-DC2E5185477A}.Debug|x64.ActiveCfg = Debug|x64
		{E9509D41-B8ED-4CB5-A151-DC2E5185477A}.Debug|x64.Build.0 = Debug|x64
		{E9509D41-B8ED-4CB5-A151-DC2E5185477A}.Debug|x86.ActiveCfg = Debug|Win32
		{E9509D41-B8ED-4CB5-A151-DC2E5185477A}.Debug|x86.Build.0 = Debug|Win32
		{E9509D41-B8ED-4CB5-A151-DC2E5185477A}.DebugForTesting|x64.ActiveCfg = DebugForTesting|x64
		{E9509D41-B8ED-4CB5-A151-DC2E5185477A}.DebugForTesting|x64.Build.0 = DebugForTesting|x64
		{E9509D41-B8ED-4CB5-A151-DC2E5185477A}.DebugForTesting|x86.ActiveCfg = DebugForTesting|Win32
		{E9509D41-B8ED-4CB5-A151-DC2E5185477A}.DebugForTesting|x86.Build.0 = DebugForTesting|Win32
		{E9509D41-B8ED-4CB5-A151-DC2E5185477A}.Release|x64.ActiveCfg = Release|x64
		{E9509D41-B8ED-4CB5-A151-DC2E5185477A}.Release|x64.Build.0 = Release|x64
		{E9509D41-B8ED-4CB5-A151-DC2E5185477A}.Release|x86.ActiveCfg = Release|Win32
		{E9509D41-B8ED-4CB5-A151-DC2E5185477A}.Release|x86.Build.0 = Release|Win32
		{E9509D41-B8ED-4CB5-A151-DC2E5185477A}.ReleaseForTesting|x64.ActiveCfg = ReleaseForTesting|x64
		{E9509D41-B8ED-4CB5-A151-DC2E5185477A}.ReleaseForTesting|x64.Build.0 = ReleaseForTesting|x64
		{E9509D41-B8ED-4CB5-A151-DC2E5185477A}.ReleaseForTesting|x86.ActiveCfg = ReleaseForTesting|Win32
		{E9509D41-B8ED-4CB5-A151-DC2E5185477A}.ReleaseForTesting|x86.Build.0 = ReleaseForTesting|Win32
		{B6949B28-9731-48B3-8B20-CF5DDAF6CE5E}.Debug|x64.ActiveCfg = Debug|x64
		{B6949B28-9731-48B3-8B20-CF5DDAF6CE5E}.Debug|x64.Build.0 = Debug|x64
		{B6949B28-9731-48B3-8B20-CF5DDAF6CE5E}.Debug|x86.ActiveCfg = Debug|Win32
		{B6949B28-9731-48B3-8B20-CF5DDAF6CE5E}.Debug|x86.Build.0 = Debug|Win32
		{B6949B28-9731-48B3-8B20-CF5DDAF6CE5E}.DebugForTesting|x64.ActiveCfg = DebugForTesting|x64
		{B6949B28-9731-48B3-8B20-CF5DDAF6CE5E}.DebugForTesting|x64.Build.0 = DebugForTesting|x64
		{B6949B28-9731-48B3-8B20-CF5DDAF6CE5E}.DebugForTesting|x86.ActiveCfg = DebugForTesting|Win32
		{B6949B28-9731-48B3-8B20-CF5DDAF6CE5E}.DebugForTesting|x86.Build.0 = DebugForTesting|Win32
		{B6949B28-9731-48B3-8B20-CF5DDAF6CE5E}.Release|x64.ActiveCfg = Release|x64
		{B6949B28-9731-48B3-8B20-CF5DDAF6CE5E}.Release|x64.Build.0 = Release|x64
		{B6949B28-9731-48B3-8B20-CF5DDAF6CE5E}.Release|x86.ActiveCfg = Release|Win32
		{B6949B28-9731-48B3-8B20-CF5DDAF6CE5E}.Release|x86.Build.0 = Release|Win32
		{B6949B28-9731-48B3-8B20-CF5DDAF6CE5E}.ReleaseForTesting|x64.ActiveCfg = ReleaseForTesting|x64
		{B6949B28-9731-48B3-8B20-CF5DDAF6CE5E}.ReleaseForTesting|x64.Build.0 = ReleaseForTesting|x64
		{B6949B28-9731-48B3-8B20-CF5DDAF6CE5E}.ReleaseForTesting|x86.ActiveCfg = ReleaseForTesting|Win32
		{B6949B28-9731-48B3-8B20-CF5DDAF6CE5E}.ReleaseForTesting|x86.Build.0 = ReleaseForTesting|Win32
		{9C1C233F-C13B-45D7-B139-23AF43391AA8}.Debug|x64.ActiveCfg = Debug|x64
		{9C1C233F-C13B-45D7-B139-23AF43391AA8}.Debug|x64.Build.0 = Debug|x64
		{9C1C233F-C13B-45D7-B139-23AF43391AA8}.Debug|x86.ActiveCfg = Debug|Win32
		{9C1C233F-C13B-45D7-B139-23AF43391AA8}.Debug|x86.Build.0 = Debug|Win32
		{9C1C233F-C13B-45D7-B139-23AF43391AA8}.DebugForTesting|x64.ActiveCfg = DebugForTesting|x64
		{9C1C233F-C13B-45D7-B139-23AF43391AA8}.DebugForTesting|x64.Build.0 = DebugForTesting|x64
		{9C1C233F-C13B-45D7-B139-23AF43391AA8}.DebugForTesting|x86.ActiveCfg = DebugForTesting|Win32
		{9C1C233F-C13B-45D7-B139-23AF43391AA8}.DebugForTesting|x86.Build.0 = DebugForTesting|Win32
		{9C1C233F-C13B-45D7-B139-23AF43391AA8}.Release|x64.ActiveCfg = Release|x64
		{9C1C233F-C13B-45D7-B139-23AF43391AA8}.Release|x64.Build.0 = Release|x64
		{9C1C233F-C13B-45D7-B139-23AF43391AA8}.Release|x86.ActiveCfg = Release|Win32
		{9C1C233F-C13B-45D7-B139-23AF43391AA8}.Release|x86.Build.0 = Release|Win32
		{9C1C233F-C13B-45D7-B139-23AF43391AA8}.ReleaseForTesting|x64.ActiveCfg = ReleaseForTesting|x64
		{9C1C233F-C13B-45D7-B139-23AF43391AA8}.ReleaseForTesting|x64.Build.0 = ReleaseForTesting|x64
		{9C1C233F-C13B-45D7-B139-23AF43391AA8}.ReleaseForTesting|x86.ActiveCfg = ReleaseForTesting|Win32
		{9C1C233F-C13B-45D7-B139-23AF43391AA8}.ReleaseForTesting|x86.Build.0 = ReleaseForTesting|Win32
		{5F6ECDB2-B470-4582-8D38-05E0B3201B69}.Debug|x64.ActiveCfg = Debug|x64
		{5F6ECDB2-B470-4582-8D38-05E0B3201B69}.Debug|x64.Build.0 = Debug|x64
		{5F6ECDB2-B470-4582-8D38-05E0B3201B69}.Debug|x86.ActiveCfg = Debug|Win32
		{5F6ECDB2-B470-4582-8D38-05E0B3201B69}.Debug|x86.Build.0 = Debug|Win32
		{5F6ECDB2-B470-4582-8D38-05E0B3201B69}.DebugForTesting|x64.ActiveCfg = DebugForTesting|x64
		{5F6ECDB2-B470-4582-8D38-05E0B3201B69}.DebugForTesting|x64.Build.0 = DebugForTesting|x64
		{5F6ECDB2-B470-4582-8D38-05E0B3201B69}.DebugForTesting|x86.ActiveCfg = DebugForTesting|Win32
		{5F6ECDB2-B470-4582-8D38-05E0B3201B69}.DebugForTesting|x86.Build.0 = DebugForTesting|Win32
		{5F6ECDB2-B470-4582-8D38-05E0B3201B69}.Release|x64.ActiveCfg = Release|x64
		{5F6ECDB2-B470-4582-8D38-05E0B3201B69}.Release|x64.Build.0 = Release|x64
		{5F6ECDB2-B470-4582-8D38-05E0B3201B69}.Release|x86.ActiveCfg = Release|Win32
		{5F6ECDB2-B470-4582-8D38-05E0B3201B69}.Release|x86.Build.0 = Release|Win32
		{5F6ECDB2-B470-4582-8D38-05E0B3201B69}.ReleaseForTesting|x64.ActiveCfg = ReleaseForTesting|x64
		{5F6ECDB2-B470-4582-8D38-05E0B3201B69}.ReleaseForTesting|x64.Build.0 = ReleaseForTesting|x64
		{5F6ECDB2-B470-4582-8D38-05E0B3201B69}.ReleaseForTesting|x86.ActiveCfg = ReleaseForTesting|Win32
		{5F6ECDB2-B470-4582-8D38-05E0B3201B69}.ReleaseForTesting|x86.Build.0 = ReleaseForTesting|Win32
	EndGlobalSection
	GlobalSection(SolutionProperties) = preSolution
		HideSolutionNode = FALSE
	EndGlobalSection
	GlobalSection(NestedProjects) = preSolution
		{036C6B17-8C3B-434F-A565-EF02334ED5D1} = {6C867E42-F1B8-4831-B84A-A05B22646D54}
		{268FC61F-DCCD-4075-BA5E-C340F14481DA} = {6C867E42-F1B8-4831-B84A-A05B22646D54}
		{2A2264BB-3E94-4C9F-BB9E-4D82E3744791} = {6C867E42-F1B8-4831-B84A-A05B22646D54}
		{2D8D6D01-01C4-4FEE-A732-8C5A35EB13F9} = {E82E44E1-33C2-409B-BDD0-87CEA259DD8B}
		{4E499641-DAF3-44B9-8E47-031516FB73E1} = {6C867E42-F1B8-4831-B84A-A05B22646D54}
		{507A831C-3F13-4029-B986-7A4DF220C1EC} = {6C867E42-F1B8-4831-B84A-A05B22646D54}
		{65209F6A-EB33-40E7-A714-A87978661E8D} = {E82E44E1-33C2-409B-BDD0-87CEA259DD8B}
		{8B698BCF-7277-467A-A517-A9C2B00A18F0} = {6C867E42-F1B8-4831-B84A-A05B22646D54}
		{8EF116A6-14EB-4BD0-85F8-8195D2A88277} = {6C867E42-F1B8-4831-B84A-A05B22646D54}
		{9A183003-4917-4D78-9AF7-E91527AD48BF} = {6C867E42-F1B8-4831-B84A-A05B22646D54}
		{B6E0B069-EBC2-4249-9BCD-5D1C7356D392} = {6C867E42-F1B8-4831-B84A-A05B22646D54}
		{BA4D3062-8911-4F4F-B13C-CA9A74B6DA01} = {6C867E42-F1B8-4831-B84A-A05B22646D54}
		{D1AC371B-88D3-4B2B-8FC3-EE6B3F8CF67C} = {6C867E42-F1B8-4831-B84A-A05B22646D54}
		{DDC11E99-5AC0-466F-B9FC-ADB5E99A9061} = {E82E44E1-33C2-409B-BDD0-87CEA259DD8B}
		{E53BCC9E-451D-4C84-8B9B-C0A0A6E898AA} = {6C867E42-F1B8-4831-B84A-A05B22646D54}
		{F328C00B-4B54-4B5B-B258-AC1ACDF2E22D} = {6C867E42-F1B8-4831-B84A-A05B22646D54}
		{108AF932-2EBD-4B03-AF58-F7C5AD0C9557} = {E82E44E1-33C2-409B-BDD0-87CEA259DD8B}
		{AA84072F-7D0D-4E25-9EE0-0880467D51D5} = {E82E44E1-33C2-409B-BDD0-87CEA259DD8B}
		{E9509D41-B8ED-4CB5-A151-DC2E5185477A} = {6C867E42-F1B8-4831-B84A-A05B22646D54}
		{B6949B28-9731-48B3-8B20-CF5DDAF6CE5E} = {6C867E42-F1B8-4831-B84A-A05B22646D54}
		{9C1C233F-C13B-45D7-B139-23AF43391AA8} = {6C867E42-F1B8-4831-B84A-A05B22646D54}
		{5F6ECDB2-B470-4582-8D38-05E0B3201B69} = {6C867E42-F1B8-4831-B84A-A05B22646D54}
	EndGlobalSection
	GlobalSection(ExtensibilityGlobals) = postSolution
		SolutionGuid = {3BD56D0F-015C-4D14-8EA1-A8EB246E394D}
	EndGlobalSection
EndGlobal
